
Microsoft Visual Studio Solution File, Format Version 12.00
# Visual Studio Version 16
VisualStudioVersion = 16.0.30717.126
MinimumVisualStudioVersion = 10.0.40219.1
Project("{FAE04EC0-301F-11D3-BF4B-00C04F79EFBC}") = "MagazinIncaltaminte", "MagazinIncaltaminte.csproj", "{C8C9E339-71D9-4C5A-9230-2CA8F614B60A}"
EndProject
Project("{FAE04EC0-301F-11D3-BF4B-00C04F79EFBC}") = "NivelAcces", "..\NivelAcces\NivelAcces.csproj", "{7A296B90-2FD2-4A2C-A114-F2BBBF620D11}"
EndProject
Project("{FAE04EC0-301F-11D3-BF4B-00C04F79EFBC}") = "MagazinIncaltaminteForm", "..\MagazinIncaltaminteForm\MagazinIncaltaminteForm.csproj", "{1A9F7E08-7ABF-4A88-9C4D-11C177FB9A9B}"
EndProject
Global
	GlobalSection(SolutionConfigurationPlatforms) = preSolution
		Debug|Any CPU = Debug|Any CPU
		Release|Any CPU = Release|Any CPU
	EndGlobalSection
	GlobalSection(ProjectConfigurationPlatforms) = postSolution
		{C8C9E339-71D9-4C5A-9230-2CA8F614B60A}.Debug|Any CPU.ActiveCfg = Debug|Any CPU
		{C8C9E339-71D9-4C5A-9230-2CA8F614B60A}.Debug|Any CPU.Build.0 = Debug|Any CPU
		{C8C9E339-71D9-4C5A-9230-2CA8F614B60A}.Release|Any CPU.ActiveCfg = Release|Any CPU
		{C8C9E339-71D9-4C5A-9230-2CA8F614B60A}.Release|Any CPU.Build.0 = Release|Any CPU
		{7A296B90-2FD2-4A2C-A114-F2BBBF620D11}.Debug|Any CPU.ActiveCfg = Debug|Any CPU
		{7A296B90-2FD2-4A2C-A114-F2BBBF620D11}.Debug|Any CPU.Build.0 = Debug|Any CPU
		{7A296B90-2FD2-4A2C-A114-F2BBBF620D11}.Release|Any CPU.ActiveCfg = Release|Any CPU
		{7A296B90-2FD2-4A2C-A114-F2BBBF620D11}.Release|Any CPU.Build.0 = Release|Any CPU
		{1A9F7E08-7ABF-4A88-9C4D-11C177FB9A9B}.Debug|Any CPU.ActiveCfg = Debug|Any CPU
		{1A9F7E08-7ABF-4A88-9C4D-11C177FB9A9B}.Debug|Any CPU.Build.0 = Debug|Any CPU
		{1A9F7E08-7ABF-4A88-9C4D-11C177FB9A9B}.Release|Any CPU.ActiveCfg = Release|Any CPU
		{1A9F7E08-7ABF-4A88-9C4D-11C177FB9A9B}.Release|Any CPU.Build.0 = Release|Any CPU
	EndGlobalSection
	GlobalSection(SolutionProperties) = preSolution
		HideSolutionNode = FALSE
	EndGlobalSection
	GlobalSection(ExtensibilityGlobals) = postSolution
		SolutionGuid = {CD2D4DBF-52D2-4B35-B54F-8EF0004CD570}
	EndGlobalSection
EndGlobal
